
Microsoft Visual Studio Solution File, Format Version 12.00
# Visual Studio 2013
VisualStudioVersion = 12.0.31101.0
MinimumVisualStudioVersion = 10.0.40219.1
Project("{FAE04EC0-301F-11D3-BF4B-00C04F79EFBC}") = "JustObjectsPrototype", "JustObjectsPrototype\JustObjectsPrototype.csproj", "{9962CF70-00DD-46E1-B721-A2C1FAFE078E}"
EndProject
Project("{FAE04EC0-301F-11D3-BF4B-00C04F79EFBC}") = "JustObjectsPrototype.Tests", "JustObjectsPrototype.Tests\JustObjectsPrototype.Tests.csproj", "{16CCEE76-0C01-493A-98C0-B447FAC7F0F5}"
EndProject
Project("{FAE04EC0-301F-11D3-BF4B-00C04F79EFBC}") = "JustObjectsPrototype.Sample", "JustObjectsPrototype.Sample\JustObjectsPrototype.Sample.csproj", "{235E4BCA-2FF2-42D3-BB1B-AC43E61FC444}"
EndProject
Project("{2150E333-8FDC-42A3-9474-1A3956D46DE8}") = ".nuget", ".nuget", "{B29DBA2F-7C36-4755-90A6-CDF47E3C74A6}"
	ProjectSection(SolutionItems) = preProject
		.nuget\JustObjectsPrototype.nuspec = .nuget\JustObjectsPrototype.nuspec
		.nuget\NuGet.Config = .nuget\NuGet.Config
		.nuget\NuGet.exe = .nuget\NuGet.exe
		.nuget\NuGet.targets = .nuget\NuGet.targets
		.nuget\pack.ps1 = .nuget\pack.ps1
	EndProjectSection
EndProject
Global
	GlobalSection(SolutionConfigurationPlatforms) = preSolution
		Debug|Any CPU = Debug|Any CPU
		Release|Any CPU = Release|Any CPU
	EndGlobalSection
	GlobalSection(ProjectConfigurationPlatforms) = postSolution
		{9962CF70-00DD-46E1-B721-A2C1FAFE078E}.Debug|Any CPU.ActiveCfg = Debug|Any CPU
		{9962CF70-00DD-46E1-B721-A2C1FAFE078E}.Debug|Any CPU.Build.0 = Debug|Any CPU
		{9962CF70-00DD-46E1-B721-A2C1FAFE078E}.Release|Any CPU.ActiveCfg = Release|Any CPU
		{9962CF70-00DD-46E1-B721-A2C1FAFE078E}.Release|Any CPU.Build.0 = Release|Any CPU
		{16CCEE76-0C01-493A-98C0-B447FAC7F0F5}.Debug|Any CPU.ActiveCfg = Debug|Any CPU
		{16CCEE76-0C01-493A-98C0-B447FAC7F0F5}.Debug|Any CPU.Build.0 = Debug|Any CPU
		{16CCEE76-0C01-493A-98C0-B447FAC7F0F5}.Release|Any CPU.ActiveCfg = Release|Any CPU
		{16CCEE76-0C01-493A-98C0-B447FAC7F0F5}.Release|Any CPU.Build.0 = Release|Any CPU
		{235E4BCA-2FF2-42D3-BB1B-AC43E61FC444}.Debug|Any CPU.ActiveCfg = Debug|Any CPU
		{235E4BCA-2FF2-42D3-BB1B-AC43E61FC444}.Debug|Any CPU.Build.0 = Debug|Any CPU
		{235E4BCA-2FF2-42D3-BB1B-AC43E61FC444}.Release|Any CPU.ActiveCfg = Release|Any CPU
		{235E4BCA-2FF2-42D3-BB1B-AC43E61FC444}.Release|Any CPU.Build.0 = Release|Any CPU
	EndGlobalSection
	GlobalSection(SolutionProperties) = preSolution
		HideSolutionNode = FALSE
	EndGlobalSection
EndGlobal
